
Microsoft Visual Studio Solution File, Format Version 12.00
# Visual Studio Version 16
VisualStudioVersion = 16.0.32002.261
MinimumVisualStudioVersion = 10.0.40219.1
Project("{FAE04EC0-301F-11D3-BF4B-00C04F79EFBC}") = "MediaPlayerAppProject", "MediaPlayerAppProject\MediaPlayerAppProject.csproj", "{ED08294A-9CF9-401A-8755-DA6B6F2E136F}"
EndProject
Global
	GlobalSection(SolutionConfigurationPlatforms) = preSolution
		Debug|Any CPU = Debug|Any CPU
		Release|Any CPU = Release|Any CPU
	EndGlobalSection
	GlobalSection(ProjectConfigurationPlatforms) = postSolution
		{ED08294A-9CF9-401A-8755-DA6B6F2E136F}.Debug|Any CPU.ActiveCfg = Debug|Any CPU
		{ED08294A-9CF9-401A-8755-DA6B6F2E136F}.Debug|Any CPU.Build.0 = Debug|Any CPU
		{ED08294A-9CF9-401A-8755-DA6B6F2E136F}.Release|Any CPU.ActiveCfg = Release|Any CPU
		{ED08294A-9CF9-401A-8755-DA6B6F2E136F}.Release|Any CPU.Build.0 = Release|Any CPU
	EndGlobalSection
	GlobalSection(SolutionProperties) = preSolution
		HideSolutionNode = FALSE
	EndGlobalSection
	GlobalSection(ExtensibilityGlobals) = postSolution
		SolutionGuid = {F3164ED7-9F27-47E0-9BE4-56817F71581E}
	EndGlobalSection
EndGlobal
